
Microsoft Visual Studio Solution File, Format Version 12.00
Project("{FAE04EC0-301F-11D3-BF4B-00C04F79EFBC}") = "nano-gpt", "nano-gpt\nano-gpt.csproj", "{2230C083-BDD7-4BA1-AA96-345B725B169C}"
EndProject
Project("{FAE04EC0-301F-11D3-BF4B-00C04F79EFBC}") = "gpu-test", "gpu-test\gpu-test.csproj", "{FFEBE8E4-6027-432A-AAA8-4CA4C439FF23}"
EndProject
Project("{FAE04EC0-301F-11D3-BF4B-00C04F79EFBC}") = "cpu-test", "cpu-test\cpu-test.csproj", "{E473B088-5048-4660-9D56-5E8200592F40}"
EndProject
Global
	GlobalSection(SolutionConfigurationPlatforms) = preSolution
		Debug|Any CPU = Debug|Any CPU
		Release|Any CPU = Release|Any CPU
	EndGlobalSection
	GlobalSection(ProjectConfigurationPlatforms) = postSolution
		{2230C083-BDD7-4BA1-AA96-345B725B169C}.Debug|Any CPU.ActiveCfg = Debug|Any CPU
		{2230C083-BDD7-4BA1-AA96-345B725B169C}.Debug|Any CPU.Build.0 = Debug|Any CPU
		{2230C083-BDD7-4BA1-AA96-345B725B169C}.Release|Any CPU.ActiveCfg = Release|Any CPU
		{2230C083-BDD7-4BA1-AA96-345B725B169C}.Release|Any CPU.Build.0 = Release|Any CPU
		{FFEBE8E4-6027-432A-AAA8-4CA4C439FF23}.Debug|Any CPU.ActiveCfg = Debug|Any CPU
		{FFEBE8E4-6027-432A-AAA8-4CA4C439FF23}.Debug|Any CPU.Build.0 = Debug|Any CPU
		{FFEBE8E4-6027-432A-AAA8-4CA4C439FF23}.Release|Any CPU.ActiveCfg = Release|Any CPU
		{FFEBE8E4-6027-432A-AAA8-4CA4C439FF23}.Release|Any CPU.Build.0 = Release|Any CPU
		{E473B088-5048-4660-9D56-5E8200592F40}.Debug|Any CPU.ActiveCfg = Debug|Any CPU
		{E473B088-5048-4660-9D56-5E8200592F40}.Debug|Any CPU.Build.0 = Debug|Any CPU
		{E473B088-5048-4660-9D56-5E8200592F40}.Release|Any CPU.ActiveCfg = Release|Any CPU
		{E473B088-5048-4660-9D56-5E8200592F40}.Release|Any CPU.Build.0 = Release|Any CPU
	EndGlobalSection
EndGlobal
