
Microsoft Visual Studio Solution File, Format Version 12.00
# Visual Studio Version 17
VisualStudioVersion = 17.0.31903.59
MinimumVisualStudioVersion = 10.0.40219.1
Project("{FAE04EC0-301F-11D3-BF4B-00C04F79EFBC}") = "NanoGpt", "NanoGpt\NanoGpt.csproj", "{BC6FB0CE-DAA2-42D5-B46A-90896DBF3BBE}"
EndProject
Project("{FAE04EC0-301F-11D3-BF4B-00C04F79EFBC}") = "Shared", "Shared\Shared.csproj", "{21B819E9-79F7-4970-AD9E-386DB2E8947D}"
EndProject
Project("{FAE04EC0-301F-11D3-BF4B-00C04F79EFBC}") = "DatasetLoaderText", "DatasetLoaderText\DatasetLoaderText.csproj", "{B1A3AE11-9A7C-4104-A570-C4D17B3C251D}"
EndProject
Global
	GlobalSection(SolutionConfigurationPlatforms) = preSolution
		Debug|Any CPU = Debug|Any CPU
		Release|Any CPU = Release|Any CPU
	EndGlobalSection
	GlobalSection(SolutionProperties) = preSolution
		HideSolutionNode = FALSE
	EndGlobalSection
	GlobalSection(ProjectConfigurationPlatforms) = postSolution
		{BC6FB0CE-DAA2-42D5-B46A-90896DBF3BBE}.Debug|Any CPU.ActiveCfg = Debug|Any CPU
		{BC6FB0CE-DAA2-42D5-B46A-90896DBF3BBE}.Debug|Any CPU.Build.0 = Debug|Any CPU
		{BC6FB0CE-DAA2-42D5-B46A-90896DBF3BBE}.Release|Any CPU.ActiveCfg = Release|Any CPU
		{BC6FB0CE-DAA2-42D5-B46A-90896DBF3BBE}.Release|Any CPU.Build.0 = Release|Any CPU
		{21B819E9-79F7-4970-AD9E-386DB2E8947D}.Debug|Any CPU.ActiveCfg = Debug|Any CPU
		{21B819E9-79F7-4970-AD9E-386DB2E8947D}.Debug|Any CPU.Build.0 = Debug|Any CPU
		{21B819E9-79F7-4970-AD9E-386DB2E8947D}.Release|Any CPU.ActiveCfg = Release|Any CPU
		{21B819E9-79F7-4970-AD9E-386DB2E8947D}.Release|Any CPU.Build.0 = Release|Any CPU
		{B1A3AE11-9A7C-4104-A570-C4D17B3C251D}.Debug|Any CPU.ActiveCfg = Debug|Any CPU
		{B1A3AE11-9A7C-4104-A570-C4D17B3C251D}.Debug|Any CPU.Build.0 = Debug|Any CPU
		{B1A3AE11-9A7C-4104-A570-C4D17B3C251D}.Release|Any CPU.ActiveCfg = Release|Any CPU
		{B1A3AE11-9A7C-4104-A570-C4D17B3C251D}.Release|Any CPU.Build.0 = Release|Any CPU
	EndGlobalSection
EndGlobal
